{
  "name": "compare-utils",
  "version": "1.0.0",
  "lockfileVersion": 1,
  "requires": true,
  "dependencies": {
    "axios": {
      "version": "0.21.1",
      "resolved": "https://registry.npmjs.org/axios/-/axios-0.21.1.tgz",
      "integrity": "sha512-dKQiRHxGD9PPRIUNIWvZhPTPpl1rf/OxTYKsqKUDjBwYylTvV7SjSHJb9ratfyzM6wCdLCOYLzs73qpg5c4iGA==",
      "requires": {
        "follow-redirects": "^1.10.0"
      }
    },
    "codemirror": {
      "version": "5.49.2",
      "resolved": "https://registry.npmjs.org/codemirror/-/codemirror-5.49.2.tgz",
      "integrity": "sha512-dwJ2HRPHm8w51WB5YTF9J7m6Z5dtkqbU9ntMZ1dqXyFB9IpjoUFDj80ahRVEoVanfIp6pfASJbOlbWdEf8FOzQ=="
    },
    "follow-redirects": {
      "version": "1.13.1",
      "resolved": "https://registry.npmjs.org/follow-redirects/-/follow-redirects-1.13.1.tgz",
      "integrity": "sha512-SSG5xmZh1mkPGyKzjZP8zLjltIfpW32Y5QpdNJyjcfGxK3qo3NDDkZOZSFiGn1A6SclQxY9GzEwAHQ3dmYRWpg=="
    },
    "jquery": {
      "version": "3.4.1",
      "resolved": "https://registry.npmjs.org/jquery/-/jquery-3.4.1.tgz",
      "integrity": "sha512-36+AdBzCL+y6qjw5Tx7HgzeGCzC81MDDgaUP8ld2zhx58HdqXGoBd+tHdrBMiyjGQs0Hxs/MLZTu/eHNJJuWPw=="
    },
    "mergely": {
      "version": "4.0.11",
      "resolved": "https://registry.npmjs.org/mergely/-/mergely-4.0.11.tgz",
      "integrity": "sha512-9q8hhHH9hzH1+m9hmh4tUKI/OYQoTxjyd4MksZVLbl7Z10eNnj44gLxpz3ncD2Hqzmk2TVIcVipj16ov81YpBg=="
    },
    "semantic-ui-button": {
      "version": "2.3.2",
      "resolved": "https://registry.npmjs.org/semantic-ui-button/-/semantic-ui-button-2.3.2.tgz",
      "integrity": "sha512-DeXishEmLZWwq4RGyirMFl2BAxk+eKowVd6HtRBLW4g07YeazW6zwRMMAefdf//rPVLvPfnwvlAiNtZwxTe7kw=="
    }
  }
}
